
Microsoft Visual Studio Solution File, Format Version 12.00
# Visual Studio Version 17
VisualStudioVersion = 17.0.31903.59
MinimumVisualStudioVersion = 10.0.40219.1
Project("{2150E333-8FDC-42A3-9474-1A3956D46DE8}") = "School", "School", "{C969BA8B-C9E6-660A-E766-6E7D5E443FD7}"
EndProject
Project("{FAE04EC0-301F-11D3-BF4B-00C04F79EFBC}") = "Entity", "School\Entity\Entity.csproj", "{9BC8A9DF-747E-431A-916A-EEBD527DAE11}"
EndProject
Project("{FAE04EC0-301F-11D3-BF4B-00C04F79EFBC}") = "Data", "School\Data\Data.csproj", "{4C99AE84-C13F-4FFD-A458-79BE038500CA}"
EndProject
Project("{FAE04EC0-301F-11D3-BF4B-00C04F79EFBC}") = "Business", "School\Business\Business.csproj", "{D1F5F8F2-AD1F-4364-A76B-DACA86A468F1}"
EndProject
Project("{FAE04EC0-301F-11D3-BF4B-00C04F79EFBC}") = "Diagram", "School\Diagram\Diagram.csproj", "{76FA9632-9236-4145-B077-7F39BAE23654}"
EndProject
Project("{FAE04EC0-301F-11D3-BF4B-00C04F79EFBC}") = "Utilities", "School\Utilities\Utilities.csproj", "{B91A8BFB-56FF-468C-A863-EDE4A7734D90}"
EndProject
Project("{FAE04EC0-301F-11D3-BF4B-00C04F79EFBC}") = "Web", "School\Web\Web.csproj", "{12ADACF3-3702-4D5F-BD5A-4B40E76E94E5}"
EndProject
Global
	GlobalSection(SolutionConfigurationPlatforms) = preSolution
		Debug|Any CPU = Debug|Any CPU
		Debug|x64 = Debug|x64
		Debug|x86 = Debug|x86
		Release|Any CPU = Release|Any CPU
		Release|x64 = Release|x64
		Release|x86 = Release|x86
	EndGlobalSection
	GlobalSection(ProjectConfigurationPlatforms) = postSolution
		{9BC8A9DF-747E-431A-916A-EEBD527DAE11}.Debug|Any CPU.ActiveCfg = Debug|Any CPU
		{9BC8A9DF-747E-431A-916A-EEBD527DAE11}.Debug|Any CPU.Build.0 = Debug|Any CPU
		{9BC8A9DF-747E-431A-916A-EEBD527DAE11}.Debug|x64.ActiveCfg = Debug|Any CPU
		{9BC8A9DF-747E-431A-916A-EEBD527DAE11}.Debug|x64.Build.0 = Debug|Any CPU
		{9BC8A9DF-747E-431A-916A-EEBD527DAE11}.Debug|x86.ActiveCfg = Debug|Any CPU
		{9BC8A9DF-747E-431A-916A-EEBD527DAE11}.Debug|x86.Build.0 = Debug|Any CPU
		{9BC8A9DF-747E-431A-916A-EEBD527DAE11}.Release|Any CPU.ActiveCfg = Release|Any CPU
		{9BC8A9DF-747E-431A-916A-EEBD527DAE11}.Release|Any CPU.Build.0 = Release|Any CPU
		{9BC8A9DF-747E-431A-916A-EEBD527DAE11}.Release|x64.ActiveCfg = Release|Any CPU
		{9BC8A9DF-747E-431A-916A-EEBD527DAE11}.Release|x64.Build.0 = Release|Any CPU
		{9BC8A9DF-747E-431A-916A-EEBD527DAE11}.Release|x86.ActiveCfg = Release|Any CPU
		{9BC8A9DF-747E-431A-916A-EEBD527DAE11}.Release|x86.Build.0 = Release|Any CPU
		{4C99AE84-C13F-4FFD-A458-79BE038500CA}.Debug|Any CPU.ActiveCfg = Debug|Any CPU
		{4C99AE84-C13F-4FFD-A458-79BE038500CA}.Debug|Any CPU.Build.0 = Debug|Any CPU
		{4C99AE84-C13F-4FFD-A458-79BE038500CA}.Debug|x64.ActiveCfg = Debug|Any CPU
		{4C99AE84-C13F-4FFD-A458-79BE038500CA}.Debug|x64.Build.0 = Debug|Any CPU
		{4C99AE84-C13F-4FFD-A458-79BE038500CA}.Debug|x86.ActiveCfg = Debug|Any CPU
		{4C99AE84-C13F-4FFD-A458-79BE038500CA}.Debug|x86.Build.0 = Debug|Any CPU
		{4C99AE84-C13F-4FFD-A458-79BE038500CA}.Release|Any CPU.ActiveCfg = Release|Any CPU
		{4C99AE84-C13F-4FFD-A458-79BE038500CA}.Release|Any CPU.Build.0 = Release|Any CPU
		{4C99AE84-C13F-4FFD-A458-79BE038500CA}.Release|x64.ActiveCfg = Release|Any CPU
		{4C99AE84-C13F-4FFD-A458-79BE038500CA}.Release|x64.Build.0 = Release|Any CPU
		{4C99AE84-C13F-4FFD-A458-79BE038500CA}.Release|x86.ActiveCfg = Release|Any CPU
		{4C99AE84-C13F-4FFD-A458-79BE038500CA}.Release|x86.Build.0 = Release|Any CPU
		{D1F5F8F2-AD1F-4364-A76B-DACA86A468F1}.Debug|Any CPU.ActiveCfg = Debug|Any CPU
		{D1F5F8F2-AD1F-4364-A76B-DACA86A468F1}.Debug|Any CPU.Build.0 = Debug|Any CPU
		{D1F5F8F2-AD1F-4364-A76B-DACA86A468F1}.Debug|x64.ActiveCfg = Debug|Any CPU
		{D1F5F8F2-AD1F-4364-A76B-DACA86A468F1}.Debug|x64.Build.0 = Debug|Any CPU
		{D1F5F8F2-AD1F-4364-A76B-DACA86A468F1}.Debug|x86.ActiveCfg = Debug|Any CPU
		{D1F5F8F2-AD1F-4364-A76B-DACA86A468F1}.Debug|x86.Build.0 = Debug|Any CPU
		{D1F5F8F2-AD1F-4364-A76B-DACA86A468F1}.Release|Any CPU.ActiveCfg = Release|Any CPU
		{D1F5F8F2-AD1F-4364-A76B-DACA86A468F1}.Release|Any CPU.Build.0 = Release|Any CPU
		{D1F5F8F2-AD1F-4364-A76B-DACA86A468F1}.Release|x64.ActiveCfg = Release|Any CPU
		{D1F5F8F2-AD1F-4364-A76B-DACA86A468F1}.Release|x64.Build.0 = Release|Any CPU
		{D1F5F8F2-AD1F-4364-A76B-DACA86A468F1}.Release|x86.ActiveCfg = Release|Any CPU
		{D1F5F8F2-AD1F-4364-A76B-DACA86A468F1}.Release|x86.Build.0 = Release|Any CPU
		{76FA9632-9236-4145-B077-7F39BAE23654}.Debug|Any CPU.ActiveCfg = Debug|Any CPU
		{76FA9632-9236-4145-B077-7F39BAE23654}.Debug|Any CPU.Build.0 = Debug|Any CPU
		{76FA9632-9236-4145-B077-7F39BAE23654}.Debug|x64.ActiveCfg = Debug|Any CPU
		{76FA9632-9236-4145-B077-7F39BAE23654}.Debug|x64.Build.0 = Debug|Any CPU
		{76FA9632-9236-4145-B077-7F39BAE23654}.Debug|x86.ActiveCfg = Debug|Any CPU
		{76FA9632-9236-4145-B077-7F39BAE23654}.Debug|x86.Build.0 = Debug|Any CPU
		{76FA9632-9236-4145-B077-7F39BAE23654}.Release|Any CPU.ActiveCfg = Release|Any CPU
		{76FA9632-9236-4145-B077-7F39BAE23654}.Release|Any CPU.Build.0 = Release|Any CPU
		{76FA9632-9236-4145-B077-7F39BAE23654}.Release|x64.ActiveCfg = Release|Any CPU
		{76FA9632-9236-4145-B077-7F39BAE23654}.Release|x64.Build.0 = Release|Any CPU
		{76FA9632-9236-4145-B077-7F39BAE23654}.Release|x86.ActiveCfg = Release|Any CPU
		{76FA9632-9236-4145-B077-7F39BAE23654}.Release|x86.Build.0 = Release|Any CPU
		{B91A8BFB-56FF-468C-A863-EDE4A7734D90}.Debug|Any CPU.ActiveCfg = Debug|Any CPU
		{B91A8BFB-56FF-468C-A863-EDE4A7734D90}.Debug|Any CPU.Build.0 = Debug|Any CPU
		{B91A8BFB-56FF-468C-A863-EDE4A7734D90}.Debug|x64.ActiveCfg = Debug|Any CPU
		{B91A8BFB-56FF-468C-A863-EDE4A7734D90}.Debug|x64.Build.0 = Debug|Any CPU
		{B91A8BFB-56FF-468C-A863-EDE4A7734D90}.Debug|x86.ActiveCfg = Debug|Any CPU
		{B91A8BFB-56FF-468C-A863-EDE4A7734D90}.Debug|x86.Build.0 = Debug|Any CPU
		{B91A8BFB-56FF-468C-A863-EDE4A7734D90}.Release|Any CPU.ActiveCfg = Release|Any CPU
		{B91A8BFB-56FF-468C-A863-EDE4A7734D90}.Release|Any CPU.Build.0 = Release|Any CPU
		{B91A8BFB-56FF-468C-A863-EDE4A7734D90}.Release|x64.ActiveCfg = Release|Any CPU
		{B91A8BFB-56FF-468C-A863-EDE4A7734D90}.Release|x64.Build.0 = Release|Any CPU
		{B91A8BFB-56FF-468C-A863-EDE4A7734D90}.Release|x86.ActiveCfg = Release|Any CPU
		{B91A8BFB-56FF-468C-A863-EDE4A7734D90}.Release|x86.Build.0 = Release|Any CPU
		{12ADACF3-3702-4D5F-BD5A-4B40E76E94E5}.Debug|Any CPU.ActiveCfg = Debug|Any CPU
		{12ADACF3-3702-4D5F-BD5A-4B40E76E94E5}.Debug|Any CPU.Build.0 = Debug|Any CPU
		{12ADACF3-3702-4D5F-BD5A-4B40E76E94E5}.Debug|x64.ActiveCfg = Debug|Any CPU
		{12ADACF3-3702-4D5F-BD5A-4B40E76E94E5}.Debug|x64.Build.0 = Debug|Any CPU
		{12ADACF3-3702-4D5F-BD5A-4B40E76E94E5}.Debug|x86.ActiveCfg = Debug|Any CPU
		{12ADACF3-3702-4D5F-BD5A-4B40E76E94E5}.Debug|x86.Build.0 = Debug|Any CPU
		{12ADACF3-3702-4D5F-BD5A-4B40E76E94E5}.Release|Any CPU.ActiveCfg = Release|Any CPU
		{12ADACF3-3702-4D5F-BD5A-4B40E76E94E5}.Release|Any CPU.Build.0 = Release|Any CPU
		{12ADACF3-3702-4D5F-BD5A-4B40E76E94E5}.Release|x64.ActiveCfg = Release|Any CPU
		{12ADACF3-3702-4D5F-BD5A-4B40E76E94E5}.Release|x64.Build.0 = Release|Any CPU
		{12ADACF3-3702-4D5F-BD5A-4B40E76E94E5}.Release|x86.ActiveCfg = Release|Any CPU
		{12ADACF3-3702-4D5F-BD5A-4B40E76E94E5}.Release|x86.Build.0 = Release|Any CPU
	EndGlobalSection
	GlobalSection(SolutionProperties) = preSolution
		HideSolutionNode = FALSE
	EndGlobalSection
	GlobalSection(NestedProjects) = preSolution
		{9BC8A9DF-747E-431A-916A-EEBD527DAE11} = {C969BA8B-C9E6-660A-E766-6E7D5E443FD7}
		{4C99AE84-C13F-4FFD-A458-79BE038500CA} = {C969BA8B-C9E6-660A-E766-6E7D5E443FD7}
		{D1F5F8F2-AD1F-4364-A76B-DACA86A468F1} = {C969BA8B-C9E6-660A-E766-6E7D5E443FD7}
		{76FA9632-9236-4145-B077-7F39BAE23654} = {C969BA8B-C9E6-660A-E766-6E7D5E443FD7}
		{B91A8BFB-56FF-468C-A863-EDE4A7734D90} = {C969BA8B-C9E6-660A-E766-6E7D5E443FD7}
		{12ADACF3-3702-4D5F-BD5A-4B40E76E94E5} = {C969BA8B-C9E6-660A-E766-6E7D5E443FD7}
	EndGlobalSection
EndGlobal
